// !$*UTF8*$!
{
	archiveVersion = 1;
	classes = {
	};
	objectVersion = 46;
	objects = {

/* Begin PBXBuildFile section */
		682D46DF144C862500D3411E /* FTCoreTextStyle.m in Sources */ = {isa = PBXBuildFile; fileRef = 682D46DC144C862500D3411E /* FTCoreTextStyle.m */; };
		684DBCAA13FD4DCF00776C6D /* UIKit.framework in Frameworks */ = {isa = PBXBuildFile; fileRef = 684DBCA913FD4DCF00776C6D /* UIKit.framework */; };
		684DBCAC13FD4DCF00776C6D /* Foundation.framework in Frameworks */ = {isa = PBXBuildFile; fileRef = 684DBCAB13FD4DCF00776C6D /* Foundation.framework */; };
		684DBCAE13FD4DCF00776C6D /* CoreGraphics.framework in Frameworks */ = {isa = PBXBuildFile; fileRef = 684DBCAD13FD4DCF00776C6D /* CoreGraphics.framework */; };
		684DBCB413FD4DCF00776C6D /* InfoPlist.strings in Resources */ = {isa = PBXBuildFile; fileRef = 684DBCB213FD4DCF00776C6D /* InfoPlist.strings */; };
		684DBCB613FD4DCF00776C6D /* main.m in Sources */ = {isa = PBXBuildFile; fileRef = 684DBCB513FD4DCF00776C6D /* main.m */; };
		684DBCBA13FD4DCF00776C6D /* FTCoreTextAppDelegate.m in Sources */ = {isa = PBXBuildFile; fileRef = 684DBCB913FD4DCF00776C6D /* FTCoreTextAppDelegate.m */; };
		684DBCBD13FD4DCF00776C6D /* MainWindow.xib in Resources */ = {isa = PBXBuildFile; fileRef = 684DBCBB13FD4DCF00776C6D /* MainWindow.xib */; };
		684DBCC513FD4E5E00776C6D /* articleViewController.m in Sources */ = {isa = PBXBuildFile; fileRef = 684DBCC413FD4E5E00776C6D /* articleViewController.m */; };
		684DBCD413FD526200776C6D /* CoreText.framework in Frameworks */ = {isa = PBXBuildFile; fileRef = 684DBCD313FD526200776C6D /* CoreText.framework */; };
		68A16CB61510D9BB007B079A /* FTCoreTextView.m in Sources */ = {isa = PBXBuildFile; fileRef = 68A16CB51510D9BB007B079A /* FTCoreTextView.m */; };
		9346F4301459AEF500EFA449 /* giraffe.png in Resources */ = {isa = PBXBuildFile; fileRef = 9346F42E1459AEF500EFA449 /* giraffe.png */; };
		9346F4311459AEF500EFA449 /* giraffe@2x.png in Resources */ = {isa = PBXBuildFile; fileRef = 9346F42F1459AEF500EFA449 /* giraffe@2x.png */; };
		9346F4331459AF2200EFA449 /* text.txt in Resources */ = {isa = PBXBuildFile; fileRef = 9346F4321459AF2200EFA449 /* text.txt */; };
/* End PBXBuildFile section */

/* Begin PBXFileReference section */
		682D46DB144C862500D3411E /* FTCoreTextStyle.h */ = {isa = PBXFileReference; fileEncoding = 4; lastKnownFileType = sourcecode.c.h; name = FTCoreTextStyle.h; path = classes/FTCoreTextStyle.h; sourceTree = "<group>"; };
		682D46DC144C862500D3411E /* FTCoreTextStyle.m */ = {isa = PBXFileReference; fileEncoding = 4; lastKnownFileType = sourcecode.c.objc; name = FTCoreTextStyle.m; path = classes/FTCoreTextStyle.m; sourceTree = "<group>"; };
		684DBCA513FD4DCF00776C6D /* FTCoreText.app */ = {isa = PBXFileReference; explicitFileType = wrapper.application; includeInIndex = 0; path = FTCoreText.app; sourceTree = BUILT_PRODUCTS_DIR; };
		684DBCA913FD4DCF00776C6D /* UIKit.framework */ = {isa = PBXFileReference; lastKnownFileType = wrapper.framework; name = UIKit.framework; path = System/Library/Frameworks/UIKit.framework; sourceTree = SDKROOT; };
		684DBCAB13FD4DCF00776C6D /* Foundation.framework */ = {isa = PBXFileReference; lastKnownFileType = wrapper.framework; name = Foundation.framework; path = System/Library/Frameworks/Foundation.framework; sourceTree = SDKROOT; };
		684DBCAD13FD4DCF00776C6D /* CoreGraphics.framework */ = {isa = PBXFileReference; lastKnownFileType = wrapper.framework; name = CoreGraphics.framework; path = System/Library/Frameworks/CoreGraphics.framework; sourceTree = SDKROOT; };
		684DBCB113FD4DCF00776C6D /* FTCoreText-Info.plist */ = {isa = PBXFileReference; lastKnownFileType = text.plist.xml; path = "FTCoreText-Info.plist"; sourceTree = "<group>"; };
		684DBCB313FD4DCF00776C6D /* en */ = {isa = PBXFileReference; lastKnownFileType = text.plist.strings; name = en; path = en.lproj/InfoPlist.strings; sourceTree = "<group>"; };
		684DBCB513FD4DCF00776C6D /* main.m */ = {isa = PBXFileReference; lastKnownFileType = sourcecode.c.objc; path = main.m; sourceTree = "<group>"; };
		684DBCB713FD4DCF00776C6D /* FTCoreText-Prefix.pch */ = {isa = PBXFileReference; lastKnownFileType = sourcecode.c.h; path = "FTCoreText-Prefix.pch"; sourceTree = "<group>"; };
		684DBCB813FD4DCF00776C6D /* FTCoreTextAppDelegate.h */ = {isa = PBXFileReference; lastKnownFileType = sourcecode.c.h; path = FTCoreTextAppDelegate.h; sourceTree = "<group>"; };
		684DBCB913FD4DCF00776C6D /* FTCoreTextAppDelegate.m */ = {isa = PBXFileReference; lastKnownFileType = sourcecode.c.objc; path = FTCoreTextAppDelegate.m; sourceTree = "<group>"; };
		684DBCBC13FD4DCF00776C6D /* en */ = {isa = PBXFileReference; lastKnownFileType = file.xib; name = en; path = en.lproj/MainWindow.xib; sourceTree = "<group>"; };
		684DBCC313FD4E5E00776C6D /* articleViewController.h */ = {isa = PBXFileReference; fileEncoding = 4; lastKnownFileType = sourcecode.c.h; path = articleViewController.h; sourceTree = "<group>"; };
		684DBCC413FD4E5E00776C6D /* articleViewController.m */ = {isa = PBXFileReference; fileEncoding = 4; lastKnownFileType = sourcecode.c.objc; path = articleViewController.m; sourceTree = "<group>"; };
		684DBCD313FD526200776C6D /* CoreText.framework */ = {isa = PBXFileReference; lastKnownFileType = wrapper.framework; name = CoreText.framework; path = System/Library/Frameworks/CoreText.framework; sourceTree = SDKROOT; };
		68A16CB41510D9BB007B079A /* FTCoreTextView.h */ = {isa = PBXFileReference; fileEncoding = 4; lastKnownFileType = sourcecode.c.h; name = FTCoreTextView.h; path = classes/FTCoreTextView.h; sourceTree = "<group>"; };
		68A16CB51510D9BB007B079A /* FTCoreTextView.m */ = {isa = PBXFileReference; fileEncoding = 4; lastKnownFileType = sourcecode.c.objc; name = FTCoreTextView.m; path = classes/FTCoreTextView.m; sourceTree = "<group>"; };
		9346F42E1459AEF500EFA449 /* giraffe.png */ = {isa = PBXFileReference; lastKnownFileType = image.png; path = giraffe.png; sourceTree = "<group>"; };
		9346F42F1459AEF500EFA449 /* giraffe@2x.png */ = {isa = PBXFileReference; lastKnownFileType = image.png; path = "giraffe@2x.png"; sourceTree = "<group>"; };
		9346F4321459AF2200EFA449 /* text.txt */ = {isa = PBXFileReference; fileEncoding = 4; lastKnownFileType = text; path = text.txt; sourceTree = "<group>"; };
/* End PBXFileReference section */

/* Begin PBXFrameworksBuildPhase section */
		684DBCA213FD4DCF00776C6D /* Frameworks */ = {
			isa = PBXFrameworksBuildPhase;
			buildActionMask = 2147483647;
			files = (
				684DBCD413FD526200776C6D /* CoreText.framework in Frameworks */,
				684DBCAA13FD4DCF00776C6D /* UIKit.framework in Frameworks */,
				684DBCAC13FD4DCF00776C6D /* Foundation.framework in Frameworks */,
				684DBCAE13FD4DCF00776C6D /* CoreGraphics.framework in Frameworks */,
			);
			runOnlyForDeploymentPostprocessing = 0;
		};
/* End PBXFrameworksBuildPhase section */

/* Begin PBXGroup section */
		684DBC9A13FD4DCF00776C6D = {
			isa = PBXGroup;
			children = (
				684DBCAF13FD4DCF00776C6D /* FTCoreText */,
				684DBCA813FD4DCF00776C6D /* Frameworks */,
				684DBCA613FD4DCF00776C6D /* Products */,
			);
			sourceTree = "<group>";
		};
		684DBCA613FD4DCF00776C6D /* Products */ = {
			isa = PBXGroup;
			children = (
				684DBCA513FD4DCF00776C6D /* FTCoreText.app */,
			);
			name = Products;
			sourceTree = "<group>";
		};
		684DBCA813FD4DCF00776C6D /* Frameworks */ = {
			isa = PBXGroup;
			children = (
				684DBCD313FD526200776C6D /* CoreText.framework */,
				684DBCA913FD4DCF00776C6D /* UIKit.framework */,
				684DBCAB13FD4DCF00776C6D /* Foundation.framework */,
				684DBCAD13FD4DCF00776C6D /* CoreGraphics.framework */,
			);
			name = Frameworks;
			sourceTree = "<group>";
		};
		684DBCAF13FD4DCF00776C6D /* FTCoreText */ = {
			isa = PBXGroup;
			children = (
				68A16CB41510D9BB007B079A /* FTCoreTextView.h */,
				68A16CB51510D9BB007B079A /* FTCoreTextView.m */,
				682D46DB144C862500D3411E /* FTCoreTextStyle.h */,
				682D46DC144C862500D3411E /* FTCoreTextStyle.m */,
				684DBCB013FD4DCF00776C6D /* Supporting Files */,
				684DBCC313FD4E5E00776C6D /* articleViewController.h */,
				684DBCC413FD4E5E00776C6D /* articleViewController.m */,
				684DBCB813FD4DCF00776C6D /* FTCoreTextAppDelegate.h */,
				684DBCB913FD4DCF00776C6D /* FTCoreTextAppDelegate.m */,
			);
			path = FTCoreText;
			sourceTree = "<group>";
		};
		684DBCB013FD4DCF00776C6D /* Supporting Files */ = {
			isa = PBXGroup;
			children = (
				68DAFA451439C0A4006E1497 /* assets */,
				684DBCBB13FD4DCF00776C6D /* MainWindow.xib */,
				684DBCB113FD4DCF00776C6D /* FTCoreText-Info.plist */,
				684DBCB213FD4DCF00776C6D /* InfoPlist.strings */,
				684DBCB513FD4DCF00776C6D /* main.m */,
				684DBCB713FD4DCF00776C6D /* FTCoreText-Prefix.pch */,
			);
			name = "Supporting Files";
			sourceTree = "<group>";
		};
		68DAFA451439C0A4006E1497 /* assets */ = {
			isa = PBXGroup;
			children = (
				9346F4321459AF2200EFA449 /* text.txt */,
				9346F42E1459AEF500EFA449 /* giraffe.png */,
				9346F42F1459AEF500EFA449 /* giraffe@2x.png */,
			);
			name = assets;
			sourceTree = "<group>";
		};
/* End PBXGroup section */

/* Begin PBXNativeTarget section */
		684DBCA413FD4DCF00776C6D /* FTCoreText */ = {
			isa = PBXNativeTarget;
			buildConfigurationList = 684DBCC013FD4DCF00776C6D /* Build configuration list for PBXNativeTarget "FTCoreText" */;
			buildPhases = (
				684DBCA113FD4DCF00776C6D /* Sources */,
				684DBCA213FD4DCF00776C6D /* Frameworks */,
				684DBCA313FD4DCF00776C6D /* Resources */,
			);
			buildRules = (
			);
			dependencies = (
			);
			name = FTCoreText;
			productName = FTCoreText;
			productReference = 684DBCA513FD4DCF00776C6D /* FTCoreText.app */;
			productType = "com.apple.product-type.application";
		};
/* End PBXNativeTarget section */

/* Begin PBXProject section */
		684DBC9C13FD4DCF00776C6D /* Project object */ = {
			isa = PBXProject;
			attributes = {
				LastUpgradeCheck = 0420;
			};
			buildConfigurationList = 684DBC9F13FD4DCF00776C6D /* Build configuration list for PBXProject "FTCoreText" */;
			compatibilityVersion = "Xcode 3.2";
			developmentRegion = English;
			hasScannedForEncodings = 0;
			knownRegions = (
				en,
			);
			mainGroup = 684DBC9A13FD4DCF00776C6D;
			productRefGroup = 684DBCA613FD4DCF00776C6D /* Products */;
			projectDirPath = "";
			projectRoot = "";
			targets = (
				684DBCA413FD4DCF00776C6D /* FTCoreText */,
			);
		};
/* End PBXProject section */

/* Begin PBXResourcesBuildPhase section */
		684DBCA313FD4DCF00776C6D /* Resources */ = {
			isa = PBXResourcesBuildPhase;
			buildActionMask = 2147483647;
			files = (
				684DBCB413FD4DCF00776C6D /* InfoPlist.strings in Resources */,
				684DBCBD13FD4DCF00776C6D /* MainWindow.xib in Resources */,
				9346F4301459AEF500EFA449 /* giraffe.png in Resources */,
				9346F4311459AEF500EFA449 /* giraffe@2x.png in Resources */,
				9346F4331459AF2200EFA449 /* text.txt in Resources */,
			);
			runOnlyForDeploymentPostprocessing = 0;
		};
/* End PBXResourcesBuildPhase section */

/* Begin PBXSourcesBuildPhase section */
		684DBCA113FD4DCF00776C6D /* Sources */ = {
			isa = PBXSourcesBuildPhase;
			buildActionMask = 2147483647;
			files = (
				684DBCB613FD4DCF00776C6D /* main.m in Sources */,
				684DBCBA13FD4DCF00776C6D /* FTCoreTextAppDelegate.m in Sources */,
				684DBCC513FD4E5E00776C6D /* articleViewController.m in Sources */,
				682D46DF144C862500D3411E /* FTCoreTextStyle.m in Sources */,
				68A16CB61510D9BB007B079A /* FTCoreTextView.m in Sources */,
			);
			runOnlyForDeploymentPostprocessing = 0;
		};
/* End PBXSourcesBuildPhase section */

/* Begin PBXVariantGroup section */
		684DBCB213FD4DCF00776C6D /* InfoPlist.strings */ = {
			isa = PBXVariantGroup;
			children = (
				684DBCB313FD4DCF00776C6D /* en */,
			);
			name = InfoPlist.strings;
			sourceTree = "<group>";
		};
		684DBCBB13FD4DCF00776C6D /* MainWindow.xib */ = {
			isa = PBXVariantGroup;
			children = (
				684DBCBC13FD4DCF00776C6D /* en */,
			);
			name = MainWindow.xib;
			sourceTree = "<group>";
		};
/* End PBXVariantGroup section */

/* Begin XCBuildConfiguration section */
		684DBCBE13FD4DCF00776C6D /* Debug */ = {
			isa = XCBuildConfiguration;
			buildSettings = {
				ALWAYS_SEARCH_USER_PATHS = NO;
				ARCHS = (
					"$(ARCHS_STANDARD_32_BIT)",
					armv6,
				);
				"CODE_SIGN_IDENTITY[sdk=iphoneos*]" = "iPhone Developer";
				COPY_PHASE_STRIP = NO;
				GCC_C_LANGUAGE_STANDARD = gnu99;
				GCC_DYNAMIC_NO_PIC = NO;
				GCC_OPTIMIZATION_LEVEL = 0;
				GCC_PREPROCESSOR_DEFINITIONS = (
					"DEBUG=1",
					"$(inherited)",
				);
				GCC_SYMBOLS_PRIVATE_EXTERN = NO;
				GCC_VERSION = com.apple.compilers.llvmgcc42;
				GCC_WARN_ABOUT_MISSING_PROTOTYPES = YES;
				GCC_WARN_ABOUT_RETURN_TYPE = YES;
				GCC_WARN_UNUSED_VARIABLE = YES;
				IPHONEOS_DEPLOYMENT_TARGET = 3.1;
				SDKROOT = iphoneos;
			};
			name = Debug;
		};
		684DBCBF13FD4DCF00776C6D /* Release */ = {
			isa = XCBuildConfiguration;
			buildSettings = {
				ALWAYS_SEARCH_USER_PATHS = NO;
				ARCHS = (
					"$(ARCHS_STANDARD_32_BIT)",
					armv6,
				);
				"CODE_SIGN_IDENTITY[sdk=iphoneos*]" = "iPhone Developer";
				COPY_PHASE_STRIP = YES;
				GCC_C_LANGUAGE_STANDARD = gnu99;
				GCC_VERSION = com.apple.compilers.llvmgcc42;
				GCC_WARN_ABOUT_MISSING_PROTOTYPES = YES;
				GCC_WARN_ABOUT_RETURN_TYPE = YES;
				GCC_WARN_UNUSED_VARIABLE = YES;
				IPHONEOS_DEPLOYMENT_TARGET = 3.1;
				OTHER_CFLAGS = "-DNS_BLOCK_ASSERTIONS=1";
				SDKROOT = iphoneos;
				VALIDATE_PRODUCT = YES;
			};
			name = Release;
		};
		684DBCC113FD4DCF00776C6D /* Debug */ = {
			isa = XCBuildConfiguration;
			buildSettings = {
				GCC_PRECOMPILE_PREFIX_HEADER = YES;
				GCC_PREFIX_HEADER = "FTCoreText/FTCoreText-Prefix.pch";
				GCC_VERSION = com.apple.compilers.llvm.clang.1_0;
				INFOPLIST_FILE = "FTCoreText/FTCoreText-Info.plist";
				IPHONEOS_DEPLOYMENT_TARGET = 3.1;
				PRODUCT_NAME = "$(TARGET_NAME)";
				TARGETED_DEVICE_FAMILY = 1;
				WRAPPER_EXTENSION = app;
			};
			name = Debug;
		};
		684DBCC213FD4DCF00776C6D /* Release */ = {
			isa = XCBuildConfiguration;
			buildSettings = {
				GCC_PRECOMPILE_PREFIX_HEADER = YES;
				GCC_PREFIX_HEADER = "FTCoreText/FTCoreText-Prefix.pch";
				GCC_VERSION = com.apple.compilers.llvm.clang.1_0;
				INFOPLIST_FILE = "FTCoreText/FTCoreText-Info.plist";
				IPHONEOS_DEPLOYMENT_TARGET = 3.1;
				PRODUCT_NAME = "$(TARGET_NAME)";
				TARGETED_DEVICE_FAMILY = 1;
				WRAPPER_EXTENSION = app;
			};
			name = Release;
		};
/* End XCBuildConfiguration section */

/* Begin XCConfigurationList section */
		684DBC9F13FD4DCF00776C6D /* Build configuration list for PBXProject "FTCoreText" */ = {
			isa = XCConfigurationList;
			buildConfigurations = (
				684DBCBE13FD4DCF00776C6D /* Debug */,
				684DBCBF13FD4DCF00776C6D /* Release */,
			);
			defaultConfigurationIsVisible = 0;
			defaultConfigurationName = Release;
		};
		684DBCC013FD4DCF00776C6D /* Build configuration list for PBXNativeTarget "FTCoreText" */ = {
			isa = XCConfigurationList;
			buildConfigurations = (
				684DBCC113FD4DCF00776C6D /* Debug */,
				684DBCC213FD4DCF00776C6D /* Release */,
			);
			defaultConfigurationIsVisible = 0;
			defaultConfigurationName = Release;
		};
/* End XCConfigurationList section */
	};
	rootObject = 684DBC9C13FD4DCF00776C6D /* Project object */;
}
